
Microsoft Visual Studio Solution File, Format Version 12.00
# Visual Studio Version 17
VisualStudioVersion = 17.9.34616.47
MinimumVisualStudioVersion = 10.0.40219.1
Project("{FAE04EC0-301F-11D3-BF4B-00C04F79EFBC}") = "Calculator", "Calculator\Calculator.csproj", "{75D28FD7-60BE-4821-BB79-EACC46ABCB12}"
EndProject
Global
	GlobalSection(SolutionConfigurationPlatforms) = preSolution
		Debug|Any CPU = Debug|Any CPU
		Release|Any CPU = Release|Any CPU
	EndGlobalSection
	GlobalSection(ProjectConfigurationPlatforms) = postSolution
		{75D28FD7-60BE-4821-BB79-EACC46ABCB12}.Debug|Any CPU.ActiveCfg = Debug|Any CPU
		{75D28FD7-60BE-4821-BB79-EACC46ABCB12}.Debug|Any CPU.Build.0 = Debug|Any CPU
		{75D28FD7-60BE-4821-BB79-EACC46ABCB12}.Release|Any CPU.ActiveCfg = Release|Any CPU
		{75D28FD7-60BE-4821-BB79-EACC46ABCB12}.Release|Any CPU.Build.0 = Release|Any CPU
	EndGlobalSection
	GlobalSection(SolutionProperties) = preSolution
		HideSolutionNode = FALSE
	EndGlobalSection
	GlobalSection(ExtensibilityGlobals) = postSolution
		SolutionGuid = {1BD4F082-E967-4297-A270-938D6A4A7DF0}
	EndGlobalSection
EndGlobal
